Microsoft Visual Studio Solution File, Format Version 12.00
# Visual Studio Version 17
VisualStudioVersion = 17.5.2.0
MinimumVisualStudioVersion = 10.0.40219.1
Project("{FAE04EC0-301F-11D3-BF4B-00C04F79EFBC}") = "ImAged", "ImAged.csproj", "{3CCBD7D3-F2FD-D3D7-7199-D4C41FF243A9}"
EndProject
Global
	GlobalSection(SolutionConfigurationPlatforms) = preSolution
		Debug|Any CPU = Debug|Any CPU
		Release|Any CPU = Release|Any CPU
	EndGlobalSection
	GlobalSection(ProjectConfigurationPlatforms) = postSolution
		{3CCBD7D3-F2FD-D3D7-7199-D4C41FF243A9}.Debug|Any CPU.ActiveCfg = Debug|Any CPU
		{3CCBD7D3-F2FD-D3D7-7199-D4C41FF243A9}.Debug|Any CPU.Build.0 = Debug|Any CPU
		{3CCBD7D3-F2FD-D3D7-7199-D4C41FF243A9}.Release|Any CPU.ActiveCfg = Release|Any CPU
		{3CCBD7D3-F2FD-D3D7-7199-D4C41FF243A9}.Release|Any CPU.Build.0 = Release|Any CPU
	EndGlobalSection
	GlobalSection(SolutionProperties) = preSolution
		HideSolutionNode = FALSE
	EndGlobalSection
	GlobalSection(ExtensibilityGlobals) = postSolution
		SolutionGuid = {4F7D27BD-D218-4553-AA64-BED10C92C778}
	EndGlobalSection
EndGlobal
